
Microsoft Visual Studio Solution File, Format Version 12.00
# Visual Studio Version 16
VisualStudioVersion = 16.0.31112.23
MinimumVisualStudioVersion = 10.0.40219.1
Project("{FAE04EC0-301F-11D3-BF4B-00C04F79EFBC}") = "Class01Exercise", "Class01Exercise\Class01Exercise.csproj", "{444FFBEA-0EA4-4C88-96B7-532F164880CF}"
EndProject
Project("{FAE04EC0-301F-11D3-BF4B-00C04F79EFBC}") = "Class01Models", "Class01Models\Class01Models.csproj", "{72D01C09-1D4F-4ADF-AC7C-E72D83C4995F}"
EndProject
Project("{FAE04EC0-301F-11D3-BF4B-00C04F79EFBC}") = "Class02Exercise", "Class02Exercise\Class02Exercise.csproj", "{599CA603-31F9-4996-AE9C-11B332EEB50F}"
EndProject
Project("{FAE04EC0-301F-11D3-BF4B-00C04F79EFBC}") = "AcademyManagementApp", "AcademyManagementApp\AcademyManagementApp.csproj", "{2FCC71FA-4322-4532-83DE-9C225AFD7AED}"
EndProject
Project("{FAE04EC0-301F-11D3-BF4B-00C04F79EFBC}") = "AcademyManagementAppModels", "AcademyManagementAppModels\AcademyManagementAppModels.csproj", "{3E3235DC-9D85-4E3F-9335-3D62E791631D}"
EndProject
Global
	GlobalSection(SolutionConfigurationPlatforms) = preSolution
		Debug|Any CPU = Debug|Any CPU
		Release|Any CPU = Release|Any CPU
	EndGlobalSection
	GlobalSection(ProjectConfigurationPlatforms) = postSolution
		{444FFBEA-0EA4-4C88-96B7-532F164880CF}.Debug|Any CPU.ActiveCfg = Debug|Any CPU
		{444FFBEA-0EA4-4C88-96B7-532F164880CF}.Debug|Any CPU.Build.0 = Debug|Any CPU
		{444FFBEA-0EA4-4C88-96B7-532F164880CF}.Release|Any CPU.ActiveCfg = Release|Any CPU
		{444FFBEA-0EA4-4C88-96B7-532F164880CF}.Release|Any CPU.Build.0 = Release|Any CPU
		{72D01C09-1D4F-4ADF-AC7C-E72D83C4995F}.Debug|Any CPU.ActiveCfg = Debug|Any CPU
		{72D01C09-1D4F-4ADF-AC7C-E72D83C4995F}.Debug|Any CPU.Build.0 = Debug|Any CPU
		{72D01C09-1D4F-4ADF-AC7C-E72D83C4995F}.Release|Any CPU.ActiveCfg = Release|Any CPU
		{72D01C09-1D4F-4ADF-AC7C-E72D83C4995F}.Release|Any CPU.Build.0 = Release|Any CPU
		{599CA603-31F9-4996-AE9C-11B332EEB50F}.Debug|Any CPU.ActiveCfg = Debug|Any CPU
		{599CA603-31F9-4996-AE9C-11B332EEB50F}.Debug|Any CPU.Build.0 = Debug|Any CPU
		{599CA603-31F9-4996-AE9C-11B332EEB50F}.Release|Any CPU.ActiveCfg = Release|Any CPU
		{599CA603-31F9-4996-AE9C-11B332EEB50F}.Release|Any CPU.Build.0 = Release|Any CPU
		{2FCC71FA-4322-4532-83DE-9C225AFD7AED}.Debug|Any CPU.ActiveCfg = Debug|Any CPU
		{2FCC71FA-4322-4532-83DE-9C225AFD7AED}.Debug|Any CPU.Build.0 = Debug|Any CPU
		{2FCC71FA-4322-4532-83DE-9C225AFD7AED}.Release|Any CPU.ActiveCfg = Release|Any CPU
		{2FCC71FA-4322-4532-83DE-9C225AFD7AED}.Release|Any CPU.Build.0 = Release|Any CPU
		{3E3235DC-9D85-4E3F-9335-3D62E791631D}.Debug|Any CPU.ActiveCfg = Debug|Any CPU
		{3E3235DC-9D85-4E3F-9335-3D62E791631D}.Debug|Any CPU.Build.0 = Debug|Any CPU
		{3E3235DC-9D85-4E3F-9335-3D62E791631D}.Release|Any CPU.ActiveCfg = Release|Any CPU
		{3E3235DC-9D85-4E3F-9335-3D62E791631D}.Release|Any CPU.Build.0 = Release|Any CPU
	EndGlobalSection
	GlobalSection(SolutionProperties) = preSolution
		HideSolutionNode = FALSE
	EndGlobalSection
	GlobalSection(ExtensibilityGlobals) = postSolution
		SolutionGuid = {9D51AFAC-AB08-41B1-930C-49074F74083C}
	EndGlobalSection
EndGlobal
