
Microsoft Visual Studio Solution File, Format Version 12.00
# Visual Studio Version 16
VisualStudioVersion = 16.0.31112.23
MinimumVisualStudioVersion = 10.0.40219.1
Project("{FAE04EC0-301F-11D3-BF4B-00C04F79EFBC}") = "Adv Code 15 4", "Adv Code 15 4\Adv Code 15 4.csproj", "{118413CB-4815-40FA-B890-F0E5202028E4}"
EndProject
Global
	GlobalSection(SolutionConfigurationPlatforms) = preSolution
		Debug|Any CPU = Debug|Any CPU
		Release|Any CPU = Release|Any CPU
	EndGlobalSection
	GlobalSection(ProjectConfigurationPlatforms) = postSolution
		{118413CB-4815-40FA-B890-F0E5202028E4}.Debug|Any CPU.ActiveCfg = Debug|Any CPU
		{118413CB-4815-40FA-B890-F0E5202028E4}.Debug|Any CPU.Build.0 = Debug|Any CPU
		{118413CB-4815-40FA-B890-F0E5202028E4}.Release|Any CPU.ActiveCfg = Release|Any CPU
		{118413CB-4815-40FA-B890-F0E5202028E4}.Release|Any CPU.Build.0 = Release|Any CPU
	EndGlobalSection
	GlobalSection(SolutionProperties) = preSolution
		HideSolutionNode = FALSE
	EndGlobalSection
	GlobalSection(ExtensibilityGlobals) = postSolution
		SolutionGuid = {0ABA2D08-8E0E-4DAD-AC26-A6981770BF10}
	EndGlobalSection
EndGlobal
