
Microsoft Visual Studio Solution File, Format Version 12.00
# Visual Studio Version 16
VisualStudioVersion = 16.0.31112.23
MinimumVisualStudioVersion = 10.0.40219.1
Project("{9A19103F-16F7-4668-BE54-9A1E7A4F7556}") = "numberToWords", "numberToWords\numberToWords.csproj", "{B78BAB56-28D2-4DCA-88A4-C942F341FB1B}"
EndProject
Project("{9A19103F-16F7-4668-BE54-9A1E7A4F7556}") = "NumberApp.Api", "NumberApp.Api\NumberApp.Api.csproj", "{5BFDECF3-CEF5-49A9-84A5-FC848B5613F1}"
	ProjectSection(ProjectDependencies) = postProject
		{1B1E4FC4-FF06-4AFD-A613-65CED50B3F32} = {1B1E4FC4-FF06-4AFD-A613-65CED50B3F32}
	EndProjectSection
EndProject
Project("{9A19103F-16F7-4668-BE54-9A1E7A4F7556}") = "NumberApp.Services", "NumberApp.Services\NumberApp.Services.csproj", "{1B1E4FC4-FF06-4AFD-A613-65CED50B3F32}"
EndProject
Global
	GlobalSection(SolutionConfigurationPlatforms) = preSolution
		Debug|Any CPU = Debug|Any CPU
		Release|Any CPU = Release|Any CPU
	EndGlobalSection
	GlobalSection(ProjectConfigurationPlatforms) = postSolution
		{B78BAB56-28D2-4DCA-88A4-C942F341FB1B}.Debug|Any CPU.ActiveCfg = Debug|Any CPU
		{B78BAB56-28D2-4DCA-88A4-C942F341FB1B}.Debug|Any CPU.Build.0 = Debug|Any CPU
		{B78BAB56-28D2-4DCA-88A4-C942F341FB1B}.Release|Any CPU.ActiveCfg = Release|Any CPU
		{B78BAB56-28D2-4DCA-88A4-C942F341FB1B}.Release|Any CPU.Build.0 = Release|Any CPU
		{5BFDECF3-CEF5-49A9-84A5-FC848B5613F1}.Debug|Any CPU.ActiveCfg = Debug|Any CPU
		{5BFDECF3-CEF5-49A9-84A5-FC848B5613F1}.Debug|Any CPU.Build.0 = Debug|Any CPU
		{5BFDECF3-CEF5-49A9-84A5-FC848B5613F1}.Release|Any CPU.ActiveCfg = Release|Any CPU
		{5BFDECF3-CEF5-49A9-84A5-FC848B5613F1}.Release|Any CPU.Build.0 = Release|Any CPU
		{1B1E4FC4-FF06-4AFD-A613-65CED50B3F32}.Debug|Any CPU.ActiveCfg = Debug|Any CPU
		{1B1E4FC4-FF06-4AFD-A613-65CED50B3F32}.Debug|Any CPU.Build.0 = Debug|Any CPU
		{1B1E4FC4-FF06-4AFD-A613-65CED50B3F32}.Release|Any CPU.ActiveCfg = Release|Any CPU
		{1B1E4FC4-FF06-4AFD-A613-65CED50B3F32}.Release|Any CPU.Build.0 = Release|Any CPU
	EndGlobalSection
	GlobalSection(SolutionProperties) = preSolution
		HideSolutionNode = FALSE
	EndGlobalSection
	GlobalSection(ExtensibilityGlobals) = postSolution
		SolutionGuid = {B8806AD5-6BB7-4370-82F8-23E9F6F05821}
	EndGlobalSection
EndGlobal
