
Microsoft Visual Studio Solution File, Format Version 12.00
# Visual Studio Version 16
VisualStudioVersion = 16.0.31129.286
MinimumVisualStudioVersion = 10.0.40219.1
Project("{FAE04EC0-301F-11D3-BF4B-00C04F79EFBC}") = "Adv Code 15 3", "Adv Code 15 3\Adv Code 15 3.csproj", "{BFBC57F9-3281-4511-9236-A16920288BB1}"
EndProject
Global
	GlobalSection(SolutionConfigurationPlatforms) = preSolution
		Debug|Any CPU = Debug|Any CPU
		Release|Any CPU = Release|Any CPU
	EndGlobalSection
	GlobalSection(ProjectConfigurationPlatforms) = postSolution
		{BFBC57F9-3281-4511-9236-A16920288BB1}.Debug|Any CPU.ActiveCfg = Debug|Any CPU
		{BFBC57F9-3281-4511-9236-A16920288BB1}.Debug|Any CPU.Build.0 = Debug|Any CPU
		{BFBC57F9-3281-4511-9236-A16920288BB1}.Release|Any CPU.ActiveCfg = Release|Any CPU
		{BFBC57F9-3281-4511-9236-A16920288BB1}.Release|Any CPU.Build.0 = Release|Any CPU
	EndGlobalSection
	GlobalSection(SolutionProperties) = preSolution
		HideSolutionNode = FALSE
	EndGlobalSection
	GlobalSection(ExtensibilityGlobals) = postSolution
		SolutionGuid = {1A47D961-BE10-45E2-B517-F8008FCD95BB}
	EndGlobalSection
EndGlobal
