
Microsoft Visual Studio Solution File, Format Version 12.00
# Visual Studio Version 16
VisualStudioVersion = 16.0.31112.23
MinimumVisualStudioVersion = 10.0.40219.1
Project("{9A19103F-16F7-4668-BE54-9A1E7A4F7556}") = "TextCalculatorApp.Api", "TextCalculator\TextCalculatorApp.Api.csproj", "{10D3BF9C-783E-48E5-AB67-65DA7B60E5D5}"
	ProjectSection(ProjectDependencies) = postProject
		{51714AC2-C14E-423C-987A-A2B0D0AFB2C8} = {51714AC2-C14E-423C-987A-A2B0D0AFB2C8}
	EndProjectSection
EndProject
Project("{FAE04EC0-301F-11D3-BF4B-00C04F79EFBC}") = "TextCalculatorApp.Services", "TextCalculatorApp.Services\TextCalculatorApp.Services.csproj", "{51714AC2-C14E-423C-987A-A2B0D0AFB2C8}"
EndProject
Project("{FAE04EC0-301F-11D3-BF4B-00C04F79EFBC}") = "TextCalculatorApp.Tests", "TextCalculatorApp.Tests\TextCalculatorApp.Tests.csproj", "{72870C71-FCFD-4BB6-A599-B3792E58DBBF}"
EndProject
Global
	GlobalSection(SolutionConfigurationPlatforms) = preSolution
		Debug|Any CPU = Debug|Any CPU
		Release|Any CPU = Release|Any CPU
	EndGlobalSection
	GlobalSection(ProjectConfigurationPlatforms) = postSolution
		{10D3BF9C-783E-48E5-AB67-65DA7B60E5D5}.Debug|Any CPU.ActiveCfg = Debug|Any CPU
		{10D3BF9C-783E-48E5-AB67-65DA7B60E5D5}.Debug|Any CPU.Build.0 = Debug|Any CPU
		{10D3BF9C-783E-48E5-AB67-65DA7B60E5D5}.Release|Any CPU.ActiveCfg = Release|Any CPU
		{10D3BF9C-783E-48E5-AB67-65DA7B60E5D5}.Release|Any CPU.Build.0 = Release|Any CPU
		{51714AC2-C14E-423C-987A-A2B0D0AFB2C8}.Debug|Any CPU.ActiveCfg = Debug|Any CPU
		{51714AC2-C14E-423C-987A-A2B0D0AFB2C8}.Debug|Any CPU.Build.0 = Debug|Any CPU
		{51714AC2-C14E-423C-987A-A2B0D0AFB2C8}.Release|Any CPU.ActiveCfg = Release|Any CPU
		{51714AC2-C14E-423C-987A-A2B0D0AFB2C8}.Release|Any CPU.Build.0 = Release|Any CPU
		{72870C71-FCFD-4BB6-A599-B3792E58DBBF}.Debug|Any CPU.ActiveCfg = Debug|Any CPU
		{72870C71-FCFD-4BB6-A599-B3792E58DBBF}.Debug|Any CPU.Build.0 = Debug|Any CPU
		{72870C71-FCFD-4BB6-A599-B3792E58DBBF}.Release|Any CPU.ActiveCfg = Release|Any CPU
		{72870C71-FCFD-4BB6-A599-B3792E58DBBF}.Release|Any CPU.Build.0 = Release|Any CPU
	EndGlobalSection
	GlobalSection(SolutionProperties) = preSolution
		HideSolutionNode = FALSE
	EndGlobalSection
	GlobalSection(ExtensibilityGlobals) = postSolution
		SolutionGuid = {AED11D40-7451-497C-9AC0-1A59FCBB62DA}
	EndGlobalSection
EndGlobal
