
Microsoft Visual Studio Solution File, Format Version 12.00
# Visual Studio Version 16
VisualStudioVersion = 16.0.31112.23
MinimumVisualStudioVersion = 10.0.40219.1
Project("{9A19103F-16F7-4668-BE54-9A1E7A4F7556}") = "Exercise 6", "Homework01\Exercise 6.csproj", "{9525B0CD-0382-45BE-86F2-49052A588698}"
EndProject
Project("{9A19103F-16F7-4668-BE54-9A1E7A4F7556}") = "RealCalculator", "Homework02\RealCalculator.csproj", "{B2C5F51E-BC6D-4E4F-A16C-953ADFC0091A}"
EndProject
Project("{9A19103F-16F7-4668-BE54-9A1E7A4F7556}") = "AverageNumber", "AverageNumber\AverageNumber.csproj", "{8FD594E9-DE70-4130-A717-EF50AFDCE768}"
EndProject
Project("{9A19103F-16F7-4668-BE54-9A1E7A4F7556}") = "SwapNumbers", "SwapNumbers\SwapNumbers.csproj", "{041043A8-7901-4663-A49A-47DC8CBB72BD}"
EndProject
Project("{9A19103F-16F7-4668-BE54-9A1E7A4F7556}") = "LargestNumber", "LargestNumber\LargestNumber.csproj", "{220AD897-7668-4533-BC7A-B8E2B658AE67}"
EndProject
Project("{9A19103F-16F7-4668-BE54-9A1E7A4F7556}") = "DaysConverter", "DaysConverter\DaysConverter.csproj", "{26E901E1-801F-4A97-A36B-BD04E41B3763}"
EndProject
Project("{FAE04EC0-301F-11D3-BF4B-00C04F79EFBC}") = "ElitePizzaRestaurant", "ElitePizzaRestaurant\ElitePizzaRestaurant.csproj", "{FB770EE6-4706-4147-927D-F81BDD8B4EB6}"
EndProject
Global
	GlobalSection(SolutionConfigurationPlatforms) = preSolution
		Debug|Any CPU = Debug|Any CPU
		Release|Any CPU = Release|Any CPU
	EndGlobalSection
	GlobalSection(ProjectConfigurationPlatforms) = postSolution
		{9525B0CD-0382-45BE-86F2-49052A588698}.Debug|Any CPU.ActiveCfg = Debug|Any CPU
		{9525B0CD-0382-45BE-86F2-49052A588698}.Debug|Any CPU.Build.0 = Debug|Any CPU
		{9525B0CD-0382-45BE-86F2-49052A588698}.Release|Any CPU.ActiveCfg = Release|Any CPU
		{9525B0CD-0382-45BE-86F2-49052A588698}.Release|Any CPU.Build.0 = Release|Any CPU
		{B2C5F51E-BC6D-4E4F-A16C-953ADFC0091A}.Debug|Any CPU.ActiveCfg = Debug|Any CPU
		{B2C5F51E-BC6D-4E4F-A16C-953ADFC0091A}.Debug|Any CPU.Build.0 = Debug|Any CPU
		{B2C5F51E-BC6D-4E4F-A16C-953ADFC0091A}.Release|Any CPU.ActiveCfg = Release|Any CPU
		{B2C5F51E-BC6D-4E4F-A16C-953ADFC0091A}.Release|Any CPU.Build.0 = Release|Any CPU
		{8FD594E9-DE70-4130-A717-EF50AFDCE768}.Debug|Any CPU.ActiveCfg = Debug|Any CPU
		{8FD594E9-DE70-4130-A717-EF50AFDCE768}.Debug|Any CPU.Build.0 = Debug|Any CPU
		{8FD594E9-DE70-4130-A717-EF50AFDCE768}.Release|Any CPU.ActiveCfg = Release|Any CPU
		{8FD594E9-DE70-4130-A717-EF50AFDCE768}.Release|Any CPU.Build.0 = Release|Any CPU
		{041043A8-7901-4663-A49A-47DC8CBB72BD}.Debug|Any CPU.ActiveCfg = Debug|Any CPU
		{041043A8-7901-4663-A49A-47DC8CBB72BD}.Debug|Any CPU.Build.0 = Debug|Any CPU
		{041043A8-7901-4663-A49A-47DC8CBB72BD}.Release|Any CPU.ActiveCfg = Release|Any CPU
		{041043A8-7901-4663-A49A-47DC8CBB72BD}.Release|Any CPU.Build.0 = Release|Any CPU
		{220AD897-7668-4533-BC7A-B8E2B658AE67}.Debug|Any CPU.ActiveCfg = Debug|Any CPU
		{220AD897-7668-4533-BC7A-B8E2B658AE67}.Debug|Any CPU.Build.0 = Debug|Any CPU
		{220AD897-7668-4533-BC7A-B8E2B658AE67}.Release|Any CPU.ActiveCfg = Release|Any CPU
		{220AD897-7668-4533-BC7A-B8E2B658AE67}.Release|Any CPU.Build.0 = Release|Any CPU
		{26E901E1-801F-4A97-A36B-BD04E41B3763}.Debug|Any CPU.ActiveCfg = Debug|Any CPU
		{26E901E1-801F-4A97-A36B-BD04E41B3763}.Debug|Any CPU.Build.0 = Debug|Any CPU
		{26E901E1-801F-4A97-A36B-BD04E41B3763}.Release|Any CPU.ActiveCfg = Release|Any CPU
		{26E901E1-801F-4A97-A36B-BD04E41B3763}.Release|Any CPU.Build.0 = Release|Any CPU
		{FB770EE6-4706-4147-927D-F81BDD8B4EB6}.Debug|Any CPU.ActiveCfg = Debug|Any CPU
		{FB770EE6-4706-4147-927D-F81BDD8B4EB6}.Debug|Any CPU.Build.0 = Debug|Any CPU
		{FB770EE6-4706-4147-927D-F81BDD8B4EB6}.Release|Any CPU.ActiveCfg = Release|Any CPU
		{FB770EE6-4706-4147-927D-F81BDD8B4EB6}.Release|Any CPU.Build.0 = Release|Any CPU
	EndGlobalSection
	GlobalSection(SolutionProperties) = preSolution
		HideSolutionNode = FALSE
	EndGlobalSection
	GlobalSection(ExtensibilityGlobals) = postSolution
		SolutionGuid = {1725579A-F649-4A39-B490-606950B4FD4E}
	EndGlobalSection
EndGlobal
